
Microsoft Visual Studio Solution File, Format Version 12.00
# Visual Studio 15
VisualStudioVersion = 15.0.27004.2005
MinimumVisualStudioVersion = 10.0.40219.1
Project("{FAE04EC0-301F-11D3-BF4B-00C04F79EFBC}") = "PropertyDealing", "PropertyDealing\PropertyDealing.csproj", "{034CA128-520C-481A-92E4-FADE841E7978}"
EndProject
Project("{FAE04EC0-301F-11D3-BF4B-00C04F79EFBC}") = "PropertyDealing.DataAccess", "PropertyDealing.DataAccess\PropertyDealing.DataAccess.csproj", "{E928EB5C-CE19-4556-83D6-64073FF203CC}"
EndProject
Project("{FAE04EC0-301F-11D3-BF4B-00C04F79EFBC}") = "PropertyDealing.Repository", "PropertyDealing.Repository\PropertyDealing.Repository.csproj", "{32BD6133-9C57-45DC-BCE9-362888831E3E}"
EndProject
Global
	GlobalSection(SolutionConfigurationPlatforms) = preSolution
		Debug|Any CPU = Debug|Any CPU
		Release|Any CPU = Release|Any CPU
	EndGlobalSection
	GlobalSection(ProjectConfigurationPlatforms) = postSolution
		{034CA128-520C-481A-92E4-FADE841E7978}.Debug|Any CPU.ActiveCfg = Debug|Any CPU
		{034CA128-520C-481A-92E4-FADE841E7978}.Debug|Any CPU.Build.0 = Debug|Any CPU
		{034CA128-520C-481A-92E4-FADE841E7978}.Release|Any CPU.ActiveCfg = Release|Any CPU
		{034CA128-520C-481A-92E4-FADE841E7978}.Release|Any CPU.Build.0 = Release|Any CPU
		{E928EB5C-CE19-4556-83D6-64073FF203CC}.Debug|Any CPU.ActiveCfg = Debug|Any CPU
		{E928EB5C-CE19-4556-83D6-64073FF203CC}.Debug|Any CPU.Build.0 = Debug|Any CPU
		{E928EB5C-CE19-4556-83D6-64073FF203CC}.Release|Any CPU.ActiveCfg = Release|Any CPU
		{E928EB5C-CE19-4556-83D6-64073FF203CC}.Release|Any CPU.Build.0 = Release|Any CPU
		{32BD6133-9C57-45DC-BCE9-362888831E3E}.Debug|Any CPU.ActiveCfg = Debug|Any CPU
		{32BD6133-9C57-45DC-BCE9-362888831E3E}.Debug|Any CPU.Build.0 = Debug|Any CPU
		{32BD6133-9C57-45DC-BCE9-362888831E3E}.Release|Any CPU.ActiveCfg = Release|Any CPU
		{32BD6133-9C57-45DC-BCE9-362888831E3E}.Release|Any CPU.Build.0 = Release|Any CPU
	EndGlobalSection
	GlobalSection(SolutionProperties) = preSolution
		HideSolutionNode = FALSE
	EndGlobalSection
	GlobalSection(ExtensibilityGlobals) = postSolution
		SolutionGuid = {F5021CD8-2D14-4C7A-AAAD-FB1BC9733FF2}
	EndGlobalSection
EndGlobal
